
Microsoft Visual Studio Solution File, Format Version 12.00
# Visual Studio Version 16
VisualStudioVersion = 16.0.30503.244
MinimumVisualStudioVersion = 10.0.40219.1
Project("{FAE04EC0-301F-11D3-BF4B-00C04F79EFBC}") = "Hypostasis", "Hypostasis\Hypostasis.csproj", "{45CC062D-8EB4-42A3-B73B-6986FAE11F4E}"
EndProject
Global
	GlobalSection(SolutionConfigurationPlatforms) = preSolution
		Debug|Any CPU = Debug|Any CPU
		Release|Any CPU = Release|Any CPU
	EndGlobalSection
	GlobalSection(ProjectConfigurationPlatforms) = postSolution
		{45CC062D-8EB4-42A3-B73B-6986FAE11F4E}.Debug|Any CPU.ActiveCfg = Debug|Any CPU
		{45CC062D-8EB4-42A3-B73B-6986FAE11F4E}.Debug|Any CPU.Build.0 = Debug|Any CPU
		{45CC062D-8EB4-42A3-B73B-6986FAE11F4E}.Release|Any CPU.ActiveCfg = Release|Any CPU
		{45CC062D-8EB4-42A3-B73B-6986FAE11F4E}.Release|Any CPU.Build.0 = Release|Any CPU
	EndGlobalSection
	GlobalSection(SolutionProperties) = preSolution
		HideSolutionNode = FALSE
	EndGlobalSection
	GlobalSection(ExtensibilityGlobals) = postSolution
		SolutionGuid = {8DCF960A-417E-41ED-839B-C941B25234A9}
	EndGlobalSection
EndGlobal
